Microsoft Visual Studio Solution File, Format Version 11.00
# Visual Studio 2008

Project("{D730874C-165A-A280-5ABD-0DA23D5F19B1}") = "DROD", "Assembly-CSharp-firstpass.csproj", "{12023E73-20AE-A56B-26ED-8CF072E6C77C}"
EndProject
Project("{D730874C-165A-A280-5ABD-0DA23D5F19B1}") = "DROD", "Assembly-UnityScript-firstpass.unityproj", "{1BA34327-9B05-C053-6147-21723990881F}"
EndProject
Project("{D730874C-165A-A280-5ABD-0DA23D5F19B1}") = "DROD", "Assembly-UnityScript.unityproj", "{AF0D15E0-D02E-447A-A3ED-1EC909B6ACDB}"
EndProject
Global
	GlobalSection(SolutionConfigurationPlatforms) = preSolution
		Debug|Any CPU = Debug|Any CPU
		Release|Any CPU = Release|Any CPU
	EndGlobalSection
	GlobalSection(ProjectConfigurationPlatforms) = postSolution
		{12023E73-20AE-A56B-26ED-8CF072E6C77C}.Debug|Any CPU.ActiveCfg = Debug|Any CPU
		{12023E73-20AE-A56B-26ED-8CF072E6C77C}.Debug|Any CPU.Build.0 = Debug|Any CPU
		{12023E73-20AE-A56B-26ED-8CF072E6C77C}.Release|Any CPU.ActiveCfg = Release|Any CPU
		{12023E73-20AE-A56B-26ED-8CF072E6C77C}.Release|Any CPU.Build.0 = Release|Any CPU
		{1BA34327-9B05-C053-6147-21723990881F}.Debug|Any CPU.ActiveCfg = Debug|Any CPU
		{1BA34327-9B05-C053-6147-21723990881F}.Debug|Any CPU.Build.0 = Debug|Any CPU
		{1BA34327-9B05-C053-6147-21723990881F}.Release|Any CPU.ActiveCfg = Release|Any CPU
		{1BA34327-9B05-C053-6147-21723990881F}.Release|Any CPU.Build.0 = Release|Any CPU
		{AF0D15E0-D02E-447A-A3ED-1EC909B6ACDB}.Debug|Any CPU.ActiveCfg = Debug|Any CPU
		{AF0D15E0-D02E-447A-A3ED-1EC909B6ACDB}.Debug|Any CPU.Build.0 = Debug|Any CPU
		{AF0D15E0-D02E-447A-A3ED-1EC909B6ACDB}.Release|Any CPU.ActiveCfg = Release|Any CPU
		{AF0D15E0-D02E-447A-A3ED-1EC909B6ACDB}.Release|Any CPU.Build.0 = Release|Any CPU
	EndGlobalSection
	GlobalSection(SolutionProperties) = preSolution
		HideSolutionNode = FALSE
	EndGlobalSection
																																																																																																																																																GlobalSection(MonoDevelopProperties) = preSolution
		StartupItem = Assembly-CSharp.csproj
		Policies = $0
		$0.TextStylePolicy = $1
		$1.inheritsSet = null
		$1.scope = text/x-csharp
		$0.CSharpFormattingPolicy = $2
		$2.inheritsSet = Mono
		$2.inheritsScope = text/x-csharp
		$2.scope = text/x-csharp
		$0.TextStylePolicy = $3
		$3.FileWidth = 120
		$3.TabWidth = 4
		$3.EolMarker = Unix
		$3.inheritsSet = Mono
		$3.inheritsScope = text/plain
		$3.scope = text/plain
	EndGlobalSection

EndGlobal
